<?xml version="1.0" encoding="utf-8"?>
<Project ToolsVersion="4.0" xmlns="http://schemas.microsoft.com/developer/msbuild/2003">
  <ItemGroup>
    <Filter Include="Source Files">
      <UniqueIdentifier>{4FC737F1-C7A5-4376-A066-2A32D752A2FF}</UniqueIdentifier>
      <Extensions>cpp;c;cc;cxx;c++;cppm;ixx;def;odl;idl;hpj;bat;asm;asmx</Extensions>
    </Filter>
    <Filter Include="Header Files">
      <UniqueIdentifier>{93995380-89BD-4b04-88EB-625FBE52EBFB}</UniqueIdentifier>
      <Extensions>h;hh;hpp;hxx;h++;hm;inl;inc;ipp;xsd</Extensions>
    </Filter>
    <Filter Include="Resource Files">
      <UniqueIdentifier>{67DA6AB6-F800-4c08-8B7A-83BB121AAD01}</UniqueIdentifier>
      <Extensions>rc;ico;cur;bmp;dlg;rc2;rct;bin;rgs;gif;jpg;jpeg;jpe;resx;tiff;tif;png;wav;mfcribbon-ms</Extensions>
    </Filter>
    <Filter Include="Bullet">
      <UniqueIdentifier>{a2e94404-8be0-408c-8214-c01bbe5886cb}</UniqueIdentifier>
    </Filter>
    <Filter Include="Player">
      <UniqueIdentifier>{f88d4664-7bec-4fe2-a407-011dc1eb5d0c}</UniqueIdentifier>
    </Filter>
    <Filter Include="Components">
      <UniqueIdentifier>{9b37e682-efbb-42e4-8e68-f9c134f619f0}</UniqueIdentifier>
    </Filter>
    <Filter Include="Game">
      <UniqueIdentifier>{22190273-af37-4d55-a6ec-7642b79fc129}</UniqueIdentifier>
    </Filter>
    <Filter Include="Tile">
      <UniqueIdentifier>{123f1b23-e901-4866-a729-ca3dbb6d5df3}</UniqueIdentifier>
    </Filter>
  </ItemGroup>
  <ItemGroup>
    <ClCompile Include="ScoreComponent.cpp">
      <Filter>Source Files</Filter>
    </ClCompile>
    <ClCompile Include="PlayerManager.cpp">
      <Filter>Source Files</Filter>
    </ClCompile>
    <ClCompile Include="SpawnPointManager.cpp">
      <Filter>Source Files</Filter>
    </ClCompile>
    <ClCompile Include="BulletCollisionComponent.cpp">
      <Filter>Bullet</Filter>
    </ClCompile>
    <ClCompile Include="BulletMoveComponent.cpp">
      <Filter>Bullet</Filter>
    </ClCompile>
    <ClCompile Include="Tron.cpp">
      <Filter>Game</Filter>
    </ClCompile>
    <ClCompile Include="TronGame.cpp">
      <Filter>Game</Filter>
    </ClCompile>
    <ClCompile Include="MovementComponent.cpp">
      <Filter>Player</Filter>
    </ClCompile>
    <ClCompile Include="PlayerCollisionComponent.cpp">
      <Filter>Player</Filter>
    </ClCompile>
    <ClCompile Include="TurretComponent.cpp">
      <Filter>Player</Filter>
    </ClCompile>
    <ClCompile Include="HudComponent.cpp">
      <Filter>Components</Filter>
    </ClCompile>
    <ClCompile Include="HudObserver.cpp">
      <Filter>Components</Filter>
    </ClCompile>
    <ClCompile Include="LifeComponent.cpp">
      <Filter>Components</Filter>
    </ClCompile>
    <ClCompile Include="HighScoreHandler.cpp">
      <Filter>Components</Filter>
    </ClCompile>
    <ClCompile Include="TileCollisionComponent.cpp">
      <Filter>Tile</Filter>
    </ClCompile>
  </ItemGroup>
  <ItemGroup>
    <ClInclude Include="ScoreComponent.h">
      <Filter>Header Files</Filter>
    </ClInclude>
    <ClInclude Include="PlayerManager.h">
      <Filter>Header Files</Filter>
    </ClInclude>
    <ClInclude Include="SpawnPointManager.h">
      <Filter>Header Files</Filter>
    </ClInclude>
    <ClInclude Include="BulletCollisionComponent.h">
      <Filter>Bullet</Filter>
    </ClInclude>
    <ClInclude Include="BulletMoveComponent.h">
      <Filter>Bullet</Filter>
    </ClInclude>
    <ClInclude Include="TronGame.h">
      <Filter>Game</Filter>
    </ClInclude>
    <ClInclude Include="MovementComponent.h">
      <Filter>Player</Filter>
    </ClInclude>
    <ClInclude Include="PlayerCollisionComponent.h">
      <Filter>Player</Filter>
    </ClInclude>
    <ClInclude Include="TurretComponent.h">
      <Filter>Player</Filter>
    </ClInclude>
    <ClInclude Include="HudComponent.h">
      <Filter>Components</Filter>
    </ClInclude>
    <ClInclude Include="LifeComponent.h">
      <Filter>Components</Filter>
    </ClInclude>
    <ClInclude Include="HudObserver.h">
      <Filter>Components</Filter>
    </ClInclude>
    <ClInclude Include="HighScoreHandler.h">
      <Filter>Components</Filter>
    </ClInclude>
    <ClInclude Include="TileCollisionComponent.h">
      <Filter>Tile</Filter>
    </ClInclude>
  </ItemGroup>
</Project>