<?xml version="1.0" encoding="utf-8"?>
<Project ToolsVersion="4.0" xmlns="http://schemas.microsoft.com/developer/msbuild/2003">
  <ItemGroup>
    <Filter Include="Source Files">
      <UniqueIdentifier>{4FC737F1-C7A5-4376-A066-2A32D752A2FF}</UniqueIdentifier>
      <Extensions>cpp;c;cc;cxx;def;odl;idl;hpj;bat;asm;asmx</Extensions>
    </Filter>
    <Filter Include="Header Files">
      <UniqueIdentifier>{93995380-89BD-4b04-88EB-625FBE52EBFB}</UniqueIdentifier>
      <Extensions>h;hh;hpp;hxx;hm;inl;inc;xsd</Extensions>
    </Filter>
    <Filter Include="Resource Files">
      <UniqueIdentifier>{67DA6AB6-F800-4c08-8B7A-83BB121AAD01}</UniqueIdentifier>
      <Extensions>rc;ico;cur;bmp;dlg;rc2;rct;bin;rgs;gif;jpg;jpeg;jpe;resx;tiff;tif;png;wav;mfcribbon-ms</Extensions>
    </Filter>
    <Filter Include="ImGui">
      <UniqueIdentifier>{3400d9c4-7e45-4551-a651-cf679426dbea}</UniqueIdentifier>
    </Filter>
    <Filter Include="Component">
      <UniqueIdentifier>{08df4040-2449-4e11-b100-df035c90f66c}</UniqueIdentifier>
    </Filter>
    <Filter Include="Core">
      <UniqueIdentifier>{2de3800c-0bd8-4f37-8402-2b33ccfe6c91}</UniqueIdentifier>
    </Filter>
    <Filter Include="Audio">
      <UniqueIdentifier>{8ae80329-e7a0-4ffc-bce1-5d53ef23f361}</UniqueIdentifier>
    </Filter>
    <Filter Include="Scene">
      <UniqueIdentifier>{7de6166a-a208-44ec-8ab2-4333128e27d4}</UniqueIdentifier>
    </Filter>
    <Filter Include="Singleton">
      <UniqueIdentifier>{351885bd-9d83-4356-95ac-b16ca0aa6adf}</UniqueIdentifier>
    </Filter>
    <Filter Include="Observer">
      <UniqueIdentifier>{628abddb-2c07-4a01-9597-13eb3c845dbd}</UniqueIdentifier>
    </Filter>
    <Filter Include="Input Systems">
      <UniqueIdentifier>{5c55aa56-24bd-493b-907f-4c20e65d4962}</UniqueIdentifier>
    </Filter>
    <Filter Include="Misc">
      <UniqueIdentifier>{8a787c5e-e588-4603-a3a2-18fa680227ac}</UniqueIdentifier>
    </Filter>
  </ItemGroup>
  <ItemGroup>
    <ClInclude Include="Texture2D.h">
      <Filter>Header Files</Filter>
    </ClInclude>
    <ClInclude Include="..\3rdParty\imgui-1.87\imconfig.h">
      <Filter>ImGui</Filter>
    </ClInclude>
    <ClInclude Include="..\3rdParty\imgui-1.87\imgui.h">
      <Filter>ImGui</Filter>
    </ClInclude>
    <ClInclude Include="..\3rdParty\imgui-1.87\imgui_internal.h">
      <Filter>ImGui</Filter>
    </ClInclude>
    <ClInclude Include="..\3rdParty\imgui-1.87\imstb_rectpack.h">
      <Filter>ImGui</Filter>
    </ClInclude>
    <ClInclude Include="..\3rdParty\imgui-1.87\imstb_textedit.h">
      <Filter>ImGui</Filter>
    </ClInclude>
    <ClInclude Include="..\3rdParty\imgui-1.87\imstb_truetype.h">
      <Filter>ImGui</Filter>
    </ClInclude>
    <ClInclude Include="..\3rdParty\imgui-1.87\backends\imgui_impl_opengl2.h">
      <Filter>ImGui</Filter>
    </ClInclude>
    <ClInclude Include="..\3rdParty\imgui-1.87\backends\imgui_impl_sdl.h">
      <Filter>ImGui</Filter>
    </ClInclude>
    <ClInclude Include="TrashTheCache.h">
      <Filter>Header Files</Filter>
    </ClInclude>
    <ClInclude Include="..\3rdParty\imgui-1.87\imgui_plot.h">
      <Filter>ImGui</Filter>
    </ClInclude>
    <ClInclude Include="SingleLinkedList.h">
      <Filter>Header Files</Filter>
    </ClInclude>
    <ClInclude Include="FPSComponent.h">
      <Filter>Component</Filter>
    </ClInclude>
    <ClInclude Include="InputComponent.h">
      <Filter>Component</Filter>
    </ClInclude>
    <ClInclude Include="RootComponent.h">
      <Filter>Component</Filter>
    </ClInclude>
    <ClInclude Include="TextComponent.h">
      <Filter>Component</Filter>
    </ClInclude>
    <ClInclude Include="TransformComponent.h">
      <Filter>Component</Filter>
    </ClInclude>
    <ClInclude Include="Minigin.h">
      <Filter>Core</Filter>
    </ClInclude>
    <ClInclude Include="MiniginPCH.h">
      <Filter>Core</Filter>
    </ClInclude>
    <ClInclude Include="AudioManager.h">
      <Filter>Audio</Filter>
    </ClInclude>
    <ClInclude Include="Scene.h">
      <Filter>Scene</Filter>
    </ClInclude>
    <ClInclude Include="Lives.h">
      <Filter>Component</Filter>
    </ClInclude>
    <ClInclude Include="Timer.h">
      <Filter>Singleton</Filter>
    </ClInclude>
    <ClInclude Include="Subject.h">
      <Filter>Component</Filter>
    </ClInclude>
    <ClInclude Include="GameLoopObserver.h">
      <Filter>Observer</Filter>
    </ClInclude>
    <ClInclude Include="Observer.h">
      <Filter>Observer</Filter>
    </ClInclude>
    <ClInclude Include="Singleton.h">
      <Filter>Singleton</Filter>
    </ClInclude>
    <ClInclude Include="XBoxController.h">
      <Filter>Input Systems</Filter>
    </ClInclude>
    <ClInclude Include="Font.h">
      <Filter>Misc</Filter>
    </ClInclude>
    <ClInclude Include="GameObject.h">
      <Filter>Core</Filter>
    </ClInclude>
    <ClInclude Include="SceneObject.h">
      <Filter>Scene</Filter>
    </ClInclude>
    <ClInclude Include="ResourceManager.h">
      <Filter>Singleton</Filter>
    </ClInclude>
    <ClInclude Include="Renderer.h">
      <Filter>Singleton</Filter>
    </ClInclude>
    <ClInclude Include="SceneManager.h">
      <Filter>Singleton</Filter>
    </ClInclude>
    <ClInclude Include="Keyboard.h">
      <Filter>Input Systems</Filter>
    </ClInclude>
    <ClInclude Include="InputSystem.h">
      <Filter>Input Systems</Filter>
    </ClInclude>
  </ItemGroup>
  <ItemGroup>
    <ClCompile Include="ResourceManager.cpp">
      <Filter>Source Files</Filter>
    </ClCompile>
    <ClCompile Include="Texture2D.cpp">
      <Filter>Source Files</Filter>
    </ClCompile>
    <ClCompile Include="..\3rdParty\imgui-1.87\imgui.cpp">
      <Filter>ImGui</Filter>
    </ClCompile>
    <ClCompile Include="..\3rdParty\imgui-1.87\imgui_demo.cpp">
      <Filter>ImGui</Filter>
    </ClCompile>
    <ClCompile Include="..\3rdParty\imgui-1.87\imgui_draw.cpp">
      <Filter>ImGui</Filter>
    </ClCompile>
    <ClCompile Include="..\3rdParty\imgui-1.87\imgui_tables.cpp">
      <Filter>ImGui</Filter>
    </ClCompile>
    <ClCompile Include="..\3rdParty\imgui-1.87\imgui_widgets.cpp">
      <Filter>ImGui</Filter>
    </ClCompile>
    <ClCompile Include="..\3rdParty\imgui-1.87\backends\imgui_impl_sdl.cpp">
      <Filter>ImGui</Filter>
    </ClCompile>
    <ClCompile Include="..\3rdParty\imgui-1.87\backends\imgui_impl_opengl2.cpp">
      <Filter>ImGui</Filter>
    </ClCompile>
    <ClCompile Include="TrashTheCache.cpp">
      <Filter>Source Files</Filter>
    </ClCompile>
    <ClCompile Include="..\3rdParty\imgui-1.87\imgui_plot.cpp">
      <Filter>ImGui</Filter>
    </ClCompile>
    <ClCompile Include="FPSComponent.cpp">
      <Filter>Component</Filter>
    </ClCompile>
    <ClCompile Include="InputComponent.cpp">
      <Filter>Component</Filter>
    </ClCompile>
    <ClCompile Include="RootComponent.cpp">
      <Filter>Component</Filter>
    </ClCompile>
    <ClCompile Include="TextComponent.cpp">
      <Filter>Component</Filter>
    </ClCompile>
    <ClCompile Include="TransformComponent.cpp">
      <Filter>Component</Filter>
    </ClCompile>
    <ClCompile Include="Minigin.cpp">
      <Filter>Core</Filter>
    </ClCompile>
    <ClCompile Include="MiniginPCH.cpp">
      <Filter>Core</Filter>
    </ClCompile>
    <ClCompile Include="Main.cpp">
      <Filter>Core</Filter>
    </ClCompile>
    <ClCompile Include="AudioManager.cpp">
      <Filter>Audio</Filter>
    </ClCompile>
    <ClCompile Include="Scene.cpp">
      <Filter>Scene</Filter>
    </ClCompile>
    <ClCompile Include="Lives.cpp">
      <Filter>Component</Filter>
    </ClCompile>
    <ClCompile Include="Timer.cpp">
      <Filter>Singleton</Filter>
    </ClCompile>
    <ClCompile Include="Subject.cpp">
      <Filter>Component</Filter>
    </ClCompile>
    <ClCompile Include="GameLoopObserver.cpp">
      <Filter>Observer</Filter>
    </ClCompile>
    <ClCompile Include="Observer.cpp">
      <Filter>Observer</Filter>
    </ClCompile>
    <ClCompile Include="XBoxController.cpp">
      <Filter>Input Systems</Filter>
    </ClCompile>
    <ClCompile Include="Font.cpp">
      <Filter>Misc</Filter>
    </ClCompile>
    <ClCompile Include="GameObject.cpp">
      <Filter>Core</Filter>
    </ClCompile>
    <ClCompile Include="Renderer.cpp">
      <Filter>Singleton</Filter>
    </ClCompile>
    <ClCompile Include="SceneManager.cpp">
      <Filter>Singleton</Filter>
    </ClCompile>
    <ClCompile Include="Keyboard.cpp">
      <Filter>Input Systems</Filter>
    </ClCompile>
    <ClCompile Include="InputSystem.cpp">
      <Filter>Input Systems</Filter>
    </ClCompile>
  </ItemGroup>
</Project>